// !$*UTF8*$!
{
	archiveVersion = 1;
	classes = {
	};
	objectVersion = 46;
	objects = {

/* Begin PBXFileReference section */
		701B5E0E1D84810000E6D330 /* macros.s */ = {isa = PBXFileReference; lastKnownFileType = sourcecode.asm; path = macros.s; sourceTree = "<group>"; };
		701B5E0F1D84810000E6D330 /* Makefile */ = {isa = PBXFileReference; lastKnownFileType = sourcecode.make; path = Makefile; sourceTree = "<group>"; };
		701B5E101D84813500E6D330 /* hisprite.s */ = {isa = PBXFileReference; lastKnownFileType = sourcecode.asm; path = hisprite.s; sourceTree = "<group>"; };
		701B5E111D84817500E6D330 /* HiSprite.py */ = {isa = PBXFileReference; lastKnownFileType = text.script.python; path = HiSprite.py; sourceTree = "<group>"; };
		701B5E121D8481C800E6D330 /* hgrtableX.s */ = {isa = PBXFileReference; lastKnownFileType = sourcecode.asm; path = hgrtableX.s; sourceTree = "<group>"; };
		701B5E131D84820100E6D330 /* spritegen0.s */ = {isa = PBXFileReference; lastKnownFileType = sourcecode.asm; path = spritegen0.s; sourceTree = "<group>"; };
		701B5E141D84823300E6D330 /* spritegen1.s */ = {isa = PBXFileReference; lastKnownFileType = sourcecode.asm; path = spritegen1.s; sourceTree = "<group>"; };
		701B5E151D84823300E6D330 /* spritegen2.s */ = {isa = PBXFileReference; lastKnownFileType = sourcecode.asm; path = spritegen2.s; sourceTree = "<group>"; };
		701B5E161D84823300E6D330 /* spritegen3.s */ = {isa = PBXFileReference; lastKnownFileType = sourcecode.asm; path = spritegen3.s; sourceTree = "<group>"; };
		701B5E171D84824400E6D330 /* hgrtableY.s */ = {isa = PBXFileReference; lastKnownFileType = sourcecode.asm; path = hgrtableY.s; sourceTree = "<group>"; };
		701B5E181D849F3800E6D330 /* graphics.s */ = {isa = PBXFileReference; fileEncoding = 4; lastKnownFileType = sourcecode.asm; path = graphics.s; sourceTree = "<group>"; };
		70A65D491E0B137D00FB9D02 /* spritegen4.s */ = {isa = PBXFileReference; lastKnownFileType = sourcecode.asm; path = spritegen4.s; sourceTree = "<group>"; };
/* End PBXFileReference section */

/* Begin PBXGroup section */
		701B5E031D8480D200E6D330 = {
			isa = PBXGroup;
			children = (
				701B5E0F1D84810000E6D330 /* Makefile */,
				701B5E111D84817500E6D330 /* HiSprite.py */,
				701B5E0E1D84810000E6D330 /* macros.s */,
				701B5E101D84813500E6D330 /* hisprite.s */,
				701B5E181D849F3800E6D330 /* graphics.s */,
				701B5E121D8481C800E6D330 /* hgrtableX.s */,
				701B5E171D84824400E6D330 /* hgrtableY.s */,
				701B5E131D84820100E6D330 /* spritegen0.s */,
				701B5E141D84823300E6D330 /* spritegen1.s */,
				701B5E151D84823300E6D330 /* spritegen2.s */,
				701B5E161D84823300E6D330 /* spritegen3.s */,
				70A65D491E0B137D00FB9D02 /* spritegen4.s */,
			);
			sourceTree = "<group>";
		};
/* End PBXGroup section */

/* Begin PBXLegacyTarget section */
		701B5E081D8480D200E6D330 /* HiSprite */ = {
			isa = PBXLegacyTarget;
			buildArgumentsString = "$(ACTION)";
			buildConfigurationList = 701B5E0B1D8480D200E6D330 /* Build configuration list for PBXLegacyTarget "HiSprite" */;
			buildPhases = (
			);
			buildToolPath = /usr/bin/make;
			dependencies = (
			);
			name = HiSprite;
			passBuildSettingsInEnvironment = 1;
			productName = HiSprite;
		};
/* End PBXLegacyTarget section */

/* Begin PBXProject section */
		701B5E041D8480D200E6D330 /* Project object */ = {
			isa = PBXProject;
			attributes = {
				LastUpgradeCheck = 0730;
				ORGANIZATIONNAME = "Quinn Dunki";
				TargetAttributes = {
					701B5E081D8480D200E6D330 = {
						CreatedOnToolsVersion = 7.3.1;
					};
				};
			};
			buildConfigurationList = 701B5E071D8480D200E6D330 /* Build configuration list for PBXProject "HiSprite" */;
			compatibilityVersion = "Xcode 3.2";
			developmentRegion = English;
			hasScannedForEncodings = 0;
			knownRegions = (
				en,
			);
			mainGroup = 701B5E031D8480D200E6D330;
			projectDirPath = "";
			projectRoot = "";
			targets = (
				701B5E081D8480D200E6D330 /* HiSprite */,
			);
		};
/* End PBXProject section */

/* Begin XCBuildConfiguration section */
		701B5E091D8480D200E6D330 /* Debug */ = {
			isa = XCBuildConfiguration;
			buildSettings = {
				ALWAYS_SEARCH_USER_PATHS = NO;
				CLANG_ANALYZER_NONNULL = YES;
				CLANG_CXX_LANGUAGE_STANDARD = "gnu++0x";
				CLANG_CXX_LIBRARY = "libc++";
				CLANG_ENABLE_MODULES = YES;
				CLANG_ENABLE_OBJC_ARC = YES;
				CLANG_WARN_BOOL_CONVERSION = YES;
				CLANG_WARN_CONSTANT_CONVERSION = YES;
				CLANG_WARN_DIRECT_OBJC_ISA_USAGE = YES_ERROR;
				CLANG_WARN_EMPTY_BODY = YES;
				CLANG_WARN_ENUM_CONVERSION = YES;
				CLANG_WARN_INT_CONVERSION = YES;
				CLANG_WARN_OBJC_ROOT_CLASS = YES_ERROR;
				CLANG_WARN_UNREACHABLE_CODE = YES;
				CLANG_WARN__DUPLICATE_METHOD_MATCH = YES;
				COPY_PHASE_STRIP = NO;
				DEBUG_INFORMATION_FORMAT = dwarf;
				ENABLE_STRICT_OBJC_MSGSEND = YES;
				ENABLE_TESTABILITY = YES;
				GCC_C_LANGUAGE_STANDARD = gnu99;
				GCC_DYNAMIC_NO_PIC = NO;
				GCC_NO_COMMON_BLOCKS = YES;
				GCC_OPTIMIZATION_LEVEL = 0;
				GCC_PREPROCESSOR_DEFINITIONS = (
					"DEBUG=1",
					"$(inherited)",
				);
				GCC_WARN_64_TO_32_BIT_CONVERSION = YES;
				GCC_WARN_ABOUT_RETURN_TYPE = YES_ERROR;
				GCC_WARN_UNDECLARED_SELECTOR = YES;
				GCC_WARN_UNINITIALIZED_AUTOS = YES_AGGRESSIVE;
				GCC_WARN_UNUSED_FUNCTION = YES;
				GCC_WARN_UNUSED_VARIABLE = YES;
				MTL_ENABLE_DEBUG_INFO = YES;
				ONLY_ACTIVE_ARCH = YES;
			};
			name = Debug;
		};
		701B5E0A1D8480D200E6D330 /* Release */ = {
			isa = XCBuildConfiguration;
			buildSettings = {
				ALWAYS_SEARCH_USER_PATHS = NO;
				CLANG_ANALYZER_NONNULL = YES;
				CLANG_CXX_LANGUAGE_STANDARD = "gnu++0x";
				CLANG_CXX_LIBRARY = "libc++";
				CLANG_ENABLE_MODULES = YES;
				CLANG_ENABLE_OBJC_ARC = YES;
				CLANG_WARN_BOOL_CONVERSION = YES;
				CLANG_WARN_CONSTANT_CONVERSION = YES;
				CLANG_WARN_DIRECT_OBJC_ISA_USAGE = YES_ERROR;
				CLANG_WARN_EMPTY_BODY = YES;
				CLANG_WARN_ENUM_CONVERSION = YES;
				CLANG_WARN_INT_CONVERSION = YES;
				CLANG_WARN_OBJC_ROOT_CLASS = YES_ERROR;
				CLANG_WARN_UNREACHABLE_CODE = YES;
				CLANG_WARN__DUPLICATE_METHOD_MATCH = YES;
				COPY_PHASE_STRIP = NO;
				DEBUG_INFORMATION_FORMAT = "dwarf-with-dsym";
				ENABLE_NS_ASSERTIONS = NO;
				ENABLE_STRICT_OBJC_MSGSEND = YES;
				GCC_C_LANGUAGE_STANDARD = gnu99;
				GCC_NO_COMMON_BLOCKS = YES;
				GCC_WARN_64_TO_32_BIT_CONVERSION = YES;
				GCC_WARN_ABOUT_RETURN_TYPE = YES_ERROR;
				GCC_WARN_UNDECLARED_SELECTOR = YES;
				GCC_WARN_UNINITIALIZED_AUTOS = YES_AGGRESSIVE;
				GCC_WARN_UNUSED_FUNCTION = YES;
				GCC_WARN_UNUSED_VARIABLE = YES;
				MTL_ENABLE_DEBUG_INFO = NO;
			};
			name = Release;
		};
		701B5E0C1D8480D200E6D330 /* Debug */ = {
			isa = XCBuildConfiguration;
			buildSettings = {
				DEBUGGING_SYMBOLS = YES;
				DEBUG_INFORMATION_FORMAT = dwarf;
				GCC_GENERATE_DEBUGGING_SYMBOLS = YES;
				GCC_OPTIMIZATION_LEVEL = 0;
				OTHER_CFLAGS = "";
				OTHER_LDFLAGS = "";
				PRODUCT_NAME = "$(TARGET_NAME)";
			};
			name = Debug;
		};
		701B5E0D1D8480D200E6D330 /* Release */ = {
			isa = XCBuildConfiguration;
			buildSettings = {
				DEBUG_INFORMATION_FORMAT = "dwarf-with-dsym";
				OTHER_CFLAGS = "";
				OTHER_LDFLAGS = "";
				PRODUCT_NAME = "$(TARGET_NAME)";
			};
			name = Release;
		};
/* End XCBuildConfiguration section */

/* Begin XCConfigurationList section */
		701B5E071D8480D200E6D330 /* Build configuration list for PBXProject "HiSprite" */ = {
			isa = XCConfigurationList;
			buildConfigurations = (
				701B5E091D8480D200E6D330 /* Debug */,
				701B5E0A1D8480D200E6D330 /* Release */,
			);
			defaultConfigurationIsVisible = 0;
			defaultConfigurationName = Release;
		};
		701B5E0B1D8480D200E6D330 /* Build configuration list for PBXLegacyTarget "HiSprite" */ = {
			isa = XCConfigurationList;
			buildConfigurations = (
				701B5E0C1D8480D200E6D330 /* Debug */,
				701B5E0D1D8480D200E6D330 /* Release */,
			);
			defaultConfigurationIsVisible = 0;
			defaultConfigurationName = Release;
		};
/* End XCConfigurationList section */
	};
	rootObject = 701B5E041D8480D200E6D330 /* Project object */;
}
